{
  "name": "SiColegioMiHogar",
  "lockfileVersion": 2,
  "requires": true,
  "packages": {
    "": {
      "dependencies": {
        "@angular/material-moment-adapter": "^12.0.3",
        "sweetalert2": "^11.0.16"
      }
    },
    "node_modules/@angular/animations": {
      "version": "12.0.3",
      "resolved": "https://registry.npmjs.org/@angular/animations/-/animations-12.0.3.tgz",
      "integrity": "sha512-uaOltimrGBJe1vIunaz9d8gtE8IY242XwakYGSFYf1zIseJRI7GBQ29L8+O2/QHbdTgdtsubYaqrPyMYLKYDvA==",
      "peer": true,
      "dependencies": {
        "tslib": "^2.1.0"
      },
      "engines": {
        "node": "^12.14.1 || >=14.0.0"
      },
      "peerDependencies": {
        "@angular/core": "12.0.3"
      }
    },
    "node_modules/@angular/cdk": {
      "version": "12.0.3",
      "resolved": "https://registry.npmjs.org/@angular/cdk/-/cdk-12.0.3.tgz",
      "integrity": "sha512-E/3eAcDTsuSAaeOajwBwjPtBMVSzZu5BgtXBX+QfC66jWJ4FdX5FUxGDZCwlF/Bbtdkvn0Jq8+UW9RlrS2Hd9Q==",
      "peer": true,
      "dependencies": {
        "tslib": "^2.1.0"
      },
      "optionalDependencies": {
        "parse5": "^5.0.0"
      },
      "peerDependencies": {
        "@angular/common": "^12.0.0 || ^13.0.0-0",
        "@angular/core": "^12.0.0 || ^13.0.0-0",
        "rxjs": "^6.5.3"
      }
    },
    "node_modules/@angular/common": {
      "version": "12.0.3",
      "resolved": "https://registry.npmjs.org/@angular/common/-/common-12.0.3.tgz",
      "integrity": "sha512-Y5wm7kr8XjS3Rsy2eitJxd9F1Z+pTWjioTg4o1PEUvsKwahGvJ+G3brNejswoTkj8YJjRTrUPyyW8JT+nWGkbA==",
      "peer": true,
      "dependencies": {
        "tslib": "^2.1.0"
      },
      "engines": {
        "node": "^12.14.1 || >=14.0.0"
      },
      "peerDependencies": {
        "@angular/core": "12.0.3",
        "rxjs": "^6.5.3"
      }
    },
    "node_modules/@angular/core": {
      "version": "12.0.3",
      "resolved": "https://registry.npmjs.org/@angular/core/-/core-12.0.3.tgz",
      "integrity": "sha512-wGsu7wMeBQNN5ShJsLpzkCfBk6h089ZIf9bUMytNWAvLd+MGqP7f6D1ua9+ul62VNyBFtWgQLK/38E6J+9OPYg==",
      "peer": true,
      "dependencies": {
        "tslib": "^2.1.0"
      },
      "engines": {
        "node": "^12.14.1 || >=14.0.0"
      },
      "peerDependencies": {
        "rxjs": "^6.5.3",
        "zone.js": "~0.11.4"
      }
    },
    "node_modules/@angular/forms": {
      "version": "12.0.3",
      "resolved": "https://registry.npmjs.org/@angular/forms/-/forms-12.0.3.tgz",
      "integrity": "sha512-AdOX8epoXgges1hchv5hYRhO6iOZhjSfEmJkVCpInq08evVG7ON/FjN3n4bP4xRHrpNB63rIzoSraD3AYw8A/A==",
      "peer": true,
      "dependencies": {
        "tslib": "^2.1.0"
      },
      "engines": {
        "node": "^12.14.1 || >=14.0.0"
      },
      "peerDependencies": {
        "@angular/common": "12.0.3",
        "@angular/core": "12.0.3",
        "@angular/platform-browser": "12.0.3",
        "rxjs": "^6.5.3"
      }
    },
    "node_modules/@angular/material": {
      "version": "12.0.3",
      "resolved": "https://registry.npmjs.org/@angular/material/-/material-12.0.3.tgz",
      "integrity": "sha512-o21ogL6P38CPS0KpvbgEJ18G0YIFvG4wcyp7hTEoMv4YncpZWPQXDBi501Ys+OsUmv57R/vYa/mo+sz6uSYw2A==",
      "peer": true,
      "dependencies": {
        "tslib": "^2.1.0"
      },
      "peerDependencies": {
        "@angular/animations": "^12.0.0 || ^13.0.0-0",
        "@angular/cdk": "12.0.3",
        "@angular/common": "^12.0.0 || ^13.0.0-0",
        "@angular/core": "^12.0.0 || ^13.0.0-0",
        "@angular/forms": "^12.0.0 || ^13.0.0-0",
        "rxjs": "^6.5.3"
      }
    },
    "node_modules/@angular/material-moment-adapter": {
      "version": "12.0.3",
      "resolved": "https://registry.npmjs.org/@angular/material-moment-adapter/-/material-moment-adapter-12.0.3.tgz",
      "integrity": "sha512-oxY5mlC1o1w7cnJXLSZ2Fw4w/oSPlAUISCstiDbKUt5gvvXFLRV3Z+cXBJIqFNF4dpNY0qFWslpBN4ctR5asQw==",
      "dependencies": {
        "tslib": "^2.1.0"
      },
      "peerDependencies": {
        "@angular/core": "^12.0.0 || ^13.0.0-0",
        "@angular/material": "12.0.3",
        "moment": "^2.18.1"
      }
    },
    "node_modules/@angular/platform-browser": {
      "version": "12.0.3",
      "resolved": "https://registry.npmjs.org/@angular/platform-browser/-/platform-browser-12.0.3.tgz",
      "integrity": "sha512-mHcjOxnRWv1G45npbyMknROCx+LmJemYoSERrhi+fBfv00zdJlZn+TcNIgg90xsBiP4C2d1+GMk0w8I0LYl6bQ==",
      "peer": true,
      "dependencies": {
        "tslib": "^2.1.0"
      },
      "engines": {
        "node": "^12.14.1 || >=14.0.0"
      },
      "peerDependencies": {
        "@angular/animations": "12.0.3",
        "@angular/common": "12.0.3",
        "@angular/core": "12.0.3"
      },
      "peerDependenciesMeta": {
        "@angular/animations": {
          "optional": true
        }
      }
    },
    "node_modules/moment": {
      "version": "2.29.1",
      "resolved": "https://registry.npmjs.org/moment/-/moment-2.29.1.tgz",
      "integrity": "sha512-kHmoybcPV8Sqy59DwNDY3Jefr64lK/by/da0ViFcuA4DH0vQg5Q6Ze5VimxkfQNSC+Mls/Kx53s7TjP1RhFEDQ==",
      "peer": true,
      "engines": {
        "node": "*"
      }
    },
    "node_modules/parse5": {
      "version": "5.1.1",
      "resolved": "https://registry.npmjs.org/parse5/-/parse5-5.1.1.tgz",
      "integrity": "sha512-ugq4DFI0Ptb+WWjAdOK16+u/nHfiIrcE+sh8kZMaM0WllQKLI9rOUq6c2b7cwPkXdzfQESqvoqK6ug7U/Yyzug==",
      "optional": true,
      "peer": true
    },
    "node_modules/rxjs": {
      "version": "6.6.7",
      "resolved": "https://registry.npmjs.org/rxjs/-/rxjs-6.6.7.tgz",
      "integrity": "sha512-hTdwr+7yYNIT5n4AMYp85KA6yw2Va0FLa3Rguvbpa4W3I5xynaBZo41cM3XM+4Q6fRMj3sBYIR1VAmZMXYJvRQ==",
      "peer": true,
      "dependencies": {
        "tslib": "^1.9.0"
      },
      "engines": {
        "npm": ">=2.0.0"
      }
    },
    "node_modules/rxjs/node_modules/tslib": {
      "version": "1.14.1",
      "resolved": "https://registry.npmjs.org/tslib/-/tslib-1.14.1.tgz",
      "integrity": "sha512-Xni35NKzjgMrwevysHTCArtLDpPvye8zV/0E4EyYn43P7/7qvQwPh9BGkHewbMulVntbigmcT7rdX3BNo9wRJg==",
      "peer": true
    },
    "node_modules/sweetalert2": {
      "version": "11.0.16",
      "resolved": "https://registry.npmjs.org/sweetalert2/-/sweetalert2-11.0.16.tgz",
      "integrity": "sha512-9XStCZJMQpLQBAT/jr/4qZuA5Xwoupi/x5FagZYM1qGnyRqYecaJTPD1Cb5gc7G+9B5muH/JaDaBQGrvLpCmvQ==",
      "funding": {
        "url": "https://sweetalert2.github.io/#donations"
      }
    },
    "node_modules/tslib": {
      "version": "2.2.0",
      "resolved": "https://registry.npmjs.org/tslib/-/tslib-2.2.0.tgz",
      "integrity": "sha512-gS9GVHRU+RGn5KQM2rllAlR3dU6m7AcpJKdtH8gFvQiC4Otgk98XnmMU+nZenHt/+VhnBPWwgrJsyrdcw6i23w=="
    },
    "node_modules/zone.js": {
      "version": "0.11.4",
      "resolved": "https://registry.npmjs.org/zone.js/-/zone.js-0.11.4.tgz",
      "integrity": "sha512-DDh2Ab+A/B+9mJyajPjHFPWfYU1H+pdun4wnnk0OcQTNjem1XQSZ2CDW+rfZEUDjv5M19SBqAkjZi0x5wuB5Qw==",
      "peer": true,
      "dependencies": {
        "tslib": "^2.0.0"
      }
    }
  },
  "dependencies": {
    "@angular/animations": {
      "version": "12.0.3",
      "resolved": "https://registry.npmjs.org/@angular/animations/-/animations-12.0.3.tgz",
      "integrity": "sha512-uaOltimrGBJe1vIunaz9d8gtE8IY242XwakYGSFYf1zIseJRI7GBQ29L8+O2/QHbdTgdtsubYaqrPyMYLKYDvA==",
      "peer": true,
      "requires": {
        "tslib": "^2.1.0"
      }
    },
    "@angular/cdk": {
      "version": "12.0.3",
      "resolved": "https://registry.npmjs.org/@angular/cdk/-/cdk-12.0.3.tgz",
      "integrity": "sha512-E/3eAcDTsuSAaeOajwBwjPtBMVSzZu5BgtXBX+QfC66jWJ4FdX5FUxGDZCwlF/Bbtdkvn0Jq8+UW9RlrS2Hd9Q==",
      "peer": true,
      "requires": {
        "parse5": "^5.0.0",
        "tslib": "^2.1.0"
      }
    },
    "@angular/common": {
      "version": "12.0.3",
      "resolved": "https://registry.npmjs.org/@angular/common/-/common-12.0.3.tgz",
      "integrity": "sha512-Y5wm7kr8XjS3Rsy2eitJxd9F1Z+pTWjioTg4o1PEUvsKwahGvJ+G3brNejswoTkj8YJjRTrUPyyW8JT+nWGkbA==",
      "peer": true,
      "requires": {
        "tslib": "^2.1.0"
      }
    },
    "@angular/core": {
      "version": "12.0.3",
      "resolved": "https://registry.npmjs.org/@angular/core/-/core-12.0.3.tgz",
      "integrity": "sha512-wGsu7wMeBQNN5ShJsLpzkCfBk6h089ZIf9bUMytNWAvLd+MGqP7f6D1ua9+ul62VNyBFtWgQLK/38E6J+9OPYg==",
      "peer": true,
      "requires": {
        "tslib": "^2.1.0"
      }
    },
    "@angular/forms": {
      "version": "12.0.3",
      "resolved": "https://registry.npmjs.org/@angular/forms/-/forms-12.0.3.tgz",
      "integrity": "sha512-AdOX8epoXgges1hchv5hYRhO6iOZhjSfEmJkVCpInq08evVG7ON/FjN3n4bP4xRHrpNB63rIzoSraD3AYw8A/A==",
      "peer": true,
      "requires": {
        "tslib": "^2.1.0"
      }
    },
    "@angular/material": {
      "version": "12.0.3",
      "resolved": "https://registry.npmjs.org/@angular/material/-/material-12.0.3.tgz",
      "integrity": "sha512-o21ogL6P38CPS0KpvbgEJ18G0YIFvG4wcyp7hTEoMv4YncpZWPQXDBi501Ys+OsUmv57R/vYa/mo+sz6uSYw2A==",
      "peer": true,
      "requires": {
        "tslib": "^2.1.0"
      }
    },
    "@angular/material-moment-adapter": {
      "version": "12.0.3",
      "resolved": "https://registry.npmjs.org/@angular/material-moment-adapter/-/material-moment-adapter-12.0.3.tgz",
      "integrity": "sha512-oxY5mlC1o1w7cnJXLSZ2Fw4w/oSPlAUISCstiDbKUt5gvvXFLRV3Z+cXBJIqFNF4dpNY0qFWslpBN4ctR5asQw==",
      "requires": {
        "tslib": "^2.1.0"
      }
    },
    "@angular/platform-browser": {
      "version": "12.0.3",
      "resolved": "https://registry.npmjs.org/@angular/platform-browser/-/platform-browser-12.0.3.tgz",
      "integrity": "sha512-mHcjOxnRWv1G45npbyMknROCx+LmJemYoSERrhi+fBfv00zdJlZn+TcNIgg90xsBiP4C2d1+GMk0w8I0LYl6bQ==",
      "peer": true,
      "requires": {
        "tslib": "^2.1.0"
      }
    },
    "moment": {
      "version": "2.29.1",
      "resolved": "https://registry.npmjs.org/moment/-/moment-2.29.1.tgz",
      "integrity": "sha512-kHmoybcPV8Sqy59DwNDY3Jefr64lK/by/da0ViFcuA4DH0vQg5Q6Ze5VimxkfQNSC+Mls/Kx53s7TjP1RhFEDQ==",
      "peer": true
    },
    "parse5": {
      "version": "5.1.1",
      "resolved": "https://registry.npmjs.org/parse5/-/parse5-5.1.1.tgz",
      "integrity": "sha512-ugq4DFI0Ptb+WWjAdOK16+u/nHfiIrcE+sh8kZMaM0WllQKLI9rOUq6c2b7cwPkXdzfQESqvoqK6ug7U/Yyzug==",
      "optional": true,
      "peer": true
    },
    "rxjs": {
      "version": "6.6.7",
      "resolved": "https://registry.npmjs.org/rxjs/-/rxjs-6.6.7.tgz",
      "integrity": "sha512-hTdwr+7yYNIT5n4AMYp85KA6yw2Va0FLa3Rguvbpa4W3I5xynaBZo41cM3XM+4Q6fRMj3sBYIR1VAmZMXYJvRQ==",
      "peer": true,
      "requires": {
        "tslib": "^1.9.0"
      },
      "dependencies": {
        "tslib": {
          "version": "1.14.1",
          "resolved": "https://registry.npmjs.org/tslib/-/tslib-1.14.1.tgz",
          "integrity": "sha512-Xni35NKzjgMrwevysHTCArtLDpPvye8zV/0E4EyYn43P7/7qvQwPh9BGkHewbMulVntbigmcT7rdX3BNo9wRJg==",
          "peer": true
        }
      }
    },
    "sweetalert2": {
      "version": "11.0.16",
      "resolved": "https://registry.npmjs.org/sweetalert2/-/sweetalert2-11.0.16.tgz",
      "integrity": "sha512-9XStCZJMQpLQBAT/jr/4qZuA5Xwoupi/x5FagZYM1qGnyRqYecaJTPD1Cb5gc7G+9B5muH/JaDaBQGrvLpCmvQ=="
    },
    "tslib": {
      "version": "2.2.0",
      "resolved": "https://registry.npmjs.org/tslib/-/tslib-2.2.0.tgz",
      "integrity": "sha512-gS9GVHRU+RGn5KQM2rllAlR3dU6m7AcpJKdtH8gFvQiC4Otgk98XnmMU+nZenHt/+VhnBPWwgrJsyrdcw6i23w=="
    },
    "zone.js": {
      "version": "0.11.4",
      "resolved": "https://registry.npmjs.org/zone.js/-/zone.js-0.11.4.tgz",
      "integrity": "sha512-DDh2Ab+A/B+9mJyajPjHFPWfYU1H+pdun4wnnk0OcQTNjem1XQSZ2CDW+rfZEUDjv5M19SBqAkjZi0x5wuB5Qw==",
      "peer": true,
      "requires": {
        "tslib": "^2.0.0"
      }
    }
  }
}
